
Microsoft Visual Studio Solution File, Format Version 12.00
# Visual Studio Version 17
VisualStudioVersion = 17.0.31903.59
MinimumVisualStudioVersion = 10.0.40219.1
Project("{FAE04EC0-301F-11D3-BF4B-00C04F79EFBC}") = "DataMappings", "DataMappings.csproj", "{5DE2C662-8A4B-46E1-9CA4-261D3B04A03E}"
EndProject
Global
	GlobalSection(SolutionConfigurationPlatforms) = preSolution
		Debug|Any CPU = Debug|Any CPU
		Release|Any CPU = Release|Any CPU
	EndGlobalSection
	GlobalSection(ProjectConfigurationPlatforms) = postSolution
		{5DE2C662-8A4B-46E1-9CA4-261D3B04A03E}.Debug|Any CPU.ActiveCfg = Debug|Any CPU
		{5DE2C662-8A4B-46E1-9CA4-261D3B04A03E}.Debug|Any CPU.Build.0 = Debug|Any CPU
		{5DE2C662-8A4B-46E1-9CA4-261D3B04A03E}.Release|Any CPU.ActiveCfg = Release|Any CPU
		{5DE2C662-8A4B-46E1-9CA4-261D3B04A03E}.Release|Any CPU.Build.0 = Release|Any CPU
	EndGlobalSection
	GlobalSection(SolutionProperties) = preSolution
		HideSolutionNode = FALSE
	EndGlobalSection
	GlobalSection(ExtensibilityGlobals) = postSolution
		SolutionGuid = {A657FF85-49FD-4C99-877E-825F562912C3}
	EndGlobalSection
EndGlobal
